
Microsoft Visual Studio Solution File, Format Version 12.00
# Visual Studio Version 16
VisualStudioVersion = 16.0.31321.278
MinimumVisualStudioVersion = 10.0.40219.1
Project("{FAE04EC0-301F-11D3-BF4B-00C04F79EFBC}") = "IsSmallEnough", "IsSmallEnough\IsSmallEnough.csproj", "{F09E737D-B5D6-4A54-A9A8-46BDE317A6D8}"
EndProject
Global
	GlobalSection(SolutionConfigurationPlatforms) = preSolution
		Debug|Any CPU = Debug|Any CPU
		Release|Any CPU = Release|Any CPU
	EndGlobalSection
	GlobalSection(ProjectConfigurationPlatforms) = postSolution
		{F09E737D-B5D6-4A54-A9A8-46BDE317A6D8}.Debug|Any CPU.ActiveCfg = Debug|Any CPU
		{F09E737D-B5D6-4A54-A9A8-46BDE317A6D8}.Debug|Any CPU.Build.0 = Debug|Any CPU
		{F09E737D-B5D6-4A54-A9A8-46BDE317A6D8}.Release|Any CPU.ActiveCfg = Release|Any CPU
		{F09E737D-B5D6-4A54-A9A8-46BDE317A6D8}.Release|Any CPU.Build.0 = Release|Any CPU
	EndGlobalSection
	GlobalSection(SolutionProperties) = preSolution
		HideSolutionNode = FALSE
	EndGlobalSection
	GlobalSection(ExtensibilityGlobals) = postSolution
		SolutionGuid = {7DE6FD4A-E996-458A-9822-E2129CF49195}
	EndGlobalSection
EndGlobal
